{
  "requires": true,
  "lockfileVersion": 1,
  "dependencies": {
    "@babel/helper-module-imports": {
      "version": "7.10.1",
      "resolved": "https://registry.npmjs.org/@babel/helper-module-imports/-/helper-module-imports-7.10.1.tgz",
      "integrity": "sha512-SFxgwYmZ3HZPyZwJRiVNLRHWuW2OgE5k2nrVs6D9Iv4PPnXVffuEHy83Sfx/l4SqF+5kyJXjAyUmrG7tNm+qVg==",
      "requires": {
        "@babel/types": "^7.10.1"
      }
    },
    "@babel/helper-validator-identifier": {
      "version": "7.10.1",
      "resolved": "https://registry.npmjs.org/@babel/helper-validator-identifier/-/helper-validator-identifier-7.10.1.tgz",
      "integrity": "sha512-5vW/JXLALhczRCWP0PnFDMCJAchlBvM7f4uk/jXritBnIa6E1KmqmtrS3yn1LAnxFBypQ3eneLuXjsnfQsgILw=="
    },
    "@babel/types": {
      "version": "7.10.2",
      "resolved": "https://registry.npmjs.org/@babel/types/-/types-7.10.2.tgz",
      "integrity": "sha512-AD3AwWBSz0AWF0AkCN9VPiWrvldXq+/e3cHa4J89vo4ymjz1XwrBFFVZmkJTsQIPNk+ZVomPSXUJqq8yyjZsng==",
      "requires": {
        "@babel/helper-validator-identifier": "^7.10.1",
        "lodash": "^4.17.13",
        "to-fast-properties": "^2.0.0"
      }
    },
    "@beyonk/svelte-notifications": {
      "version": "2.0.3",
      "resolved": "https://registry.npmjs.org/@beyonk/svelte-notifications/-/svelte-notifications-2.0.3.tgz",
      "integrity": "sha512-eEFs2Nfg32AqZWlXvetqp3fiKDJFgReqI82kHlQUxb07r1I0DAJ4FmuO3ni2p6SyXQwK4rW0grestEzgpqEiuw=="
    },
    "commander": {
      "version": "2.20.3",
      "resolved": "https://registry.npmjs.org/commander/-/commander-2.20.3.tgz",
      "integrity": "sha512-GpVkmM8vF2vQUkj2LvZmD35JxeJOLCwJ9cUkugyk2nuhbv3+mJvpLYYt+0+USMxE+oj+ey/lJEnhZw75x/OMcQ=="
    },
    "d3-array": {
      "version": "1.2.4",
      "resolved": "https://registry.npmjs.org/d3-array/-/d3-array-1.2.4.tgz",
      "integrity": "sha512-KHW6M86R+FUPYGb3R5XiYjXPq7VzwxZ22buHhAEVG5ztoEcZZMLov530mmccaqA1GghZArjQV46fuc8kUqhhHw=="
    },
    "d3-color": {
      "version": "1.4.1",
      "resolved": "https://registry.npmjs.org/d3-color/-/d3-color-1.4.1.tgz",
      "integrity": "sha512-p2sTHSLCJI2QKunbGb7ocOh7DgTAn8IrLx21QRc/BSnodXM4sv6aLQlnfpvehFMLZEfBc6g9pH9SWQccFYfJ9Q=="
    },
    "d3-dispatch": {
      "version": "1.0.6",
      "resolved": "https://registry.npmjs.org/d3-dispatch/-/d3-dispatch-1.0.6.tgz",
      "integrity": "sha512-fVjoElzjhCEy+Hbn8KygnmMS7Or0a9sI2UzGwoB7cCtvI1XpVN9GpoYlnb3xt2YV66oXYb1fLJ8GMvP4hdU1RA=="
    },
    "d3-drag": {
      "version": "1.2.5",
      "resolved": "https://registry.npmjs.org/d3-drag/-/d3-drag-1.2.5.tgz",
      "integrity": "sha512-rD1ohlkKQwMZYkQlYVCrSFxsWPzI97+W+PaEIBNTMxRuxz9RF0Hi5nJWHGVJ3Om9d2fRTe1yOBINJyy/ahV95w==",
      "requires": {
        "d3-dispatch": "1",
        "d3-selection": "1"
      }
    },
    "d3-ease": {
      "version": "1.0.6",
      "resolved": "https://registry.npmjs.org/d3-ease/-/d3-ease-1.0.6.tgz",
      "integrity": "sha512-SZ/lVU7LRXafqp7XtIcBdxnWl8yyLpgOmzAk0mWBI9gXNzLDx5ybZgnRbH9dN/yY5tzVBqCQ9avltSnqVwessQ=="
    },
    "d3-geo": {
      "version": "1.12.1",
      "resolved": "https://registry.npmjs.org/d3-geo/-/d3-geo-1.12.1.tgz",
      "integrity": "sha512-XG4d1c/UJSEX9NfU02KwBL6BYPj8YKHxgBEw5om2ZnTRSbIcego6dhHwcxuSR3clxh0EpE38os1DVPOmnYtTPg==",
      "requires": {
        "d3-array": "1"
      }
    },
    "d3-interpolate": {
      "version": "1.4.0",
      "resolved": "https://registry.npmjs.org/d3-interpolate/-/d3-interpolate-1.4.0.tgz",
      "integrity": "sha512-V9znK0zc3jOPV4VD2zZn0sDhZU3WAE2bmlxdIwwQPPzPjvyLkd8B3JUVdS1IDUFDkWZ72c9qnv1GK2ZagTZ8EA==",
      "requires": {
        "d3-color": "1"
      }
    },
    "d3-selection": {
      "version": "1.4.1",
      "resolved": "https://registry.npmjs.org/d3-selection/-/d3-selection-1.4.1.tgz",
      "integrity": "sha512-BTIbRjv/m5rcVTfBs4AMBLKs4x8XaaLkwm28KWu9S2vKNqXkXt2AH2Qf0sdPZHjFxcWg/YL53zcqAz+3g4/7PA=="
    },
    "d3-timer": {
      "version": "1.0.10",
      "resolved": "https://registry.npmjs.org/d3-timer/-/d3-timer-1.0.10.tgz",
      "integrity": "sha512-B1JDm0XDaQC+uvo4DT79H0XmBskgS3l6Ve+1SBCfxgmtIb1AVrPIoqd+nPSv+loMX8szQ0sVUhGngL7D5QPiXw=="
    },
    "d3-transition": {
      "version": "1.3.2",
      "resolved": "https://registry.npmjs.org/d3-transition/-/d3-transition-1.3.2.tgz",
      "integrity": "sha512-sc0gRU4PFqZ47lPVHloMn9tlPcv8jxgOQg+0zjhfZXMQuvppjG6YuwdMBE0TuqCZjeJkLecku/l9R0JPcRhaDA==",
      "requires": {
        "d3-color": "1",
        "d3-dispatch": "1",
        "d3-ease": "1",
        "d3-interpolate": "1",
        "d3-selection": "^1.1.0",
        "d3-timer": "1"
      }
    },
    "d3-zoom": {
      "version": "1.8.3",
      "resolved": "https://registry.npmjs.org/d3-zoom/-/d3-zoom-1.8.3.tgz",
      "integrity": "sha512-VoLXTK4wvy1a0JpH2Il+F2CiOhVu7VRXWF5M/LroMIh3/zBAC3WAt7QoIvPibOavVo20hN6/37vwAsdBejLyKQ==",
      "requires": {
        "d3-dispatch": "1",
        "d3-drag": "1",
        "d3-interpolate": "1",
        "d3-selection": "1",
        "d3-transition": "1"
      }
    },
    "estree-walker": {
      "version": "0.6.1",
      "resolved": "https://registry.npmjs.org/estree-walker/-/estree-walker-0.6.1.tgz",
      "integrity": "sha512-SqmZANLWS0mnatqbSfRP5g8OXZC12Fgg1IwNtLsyHDzJizORW4khDfjPqJZsemPWBB2uqykUah5YpQ6epsqC/w=="
    },
    "frappe-charts": {
      "version": "1.4.1",
      "resolved": "https://registry.npmjs.org/frappe-charts/-/frappe-charts-1.4.1.tgz",
      "integrity": "sha512-pwoDDdAP4oZhCiPDlDS7mJDyljhM4qwABcudiywvbcHe6Od5EoBhh2d/EtaS75tJHjbh2EtBmqNgU+TJWN/IuA=="
    },
    "lodash": {
      "version": "4.17.15",
      "resolved": "https://registry.npmjs.org/lodash/-/lodash-4.17.15.tgz",
      "integrity": "sha512-8xOcRHvCjnocdS5cpwXQXVzmmh5e5+saE2QGoeQmbKmRS6J3VQppPOIt0MnmE+4xlZoumy0GPG0D0MVIQbNA1A=="
    },
    "react-simple-maps": {
      "version": "2.1.0",
      "resolved": "https://registry.npmjs.org/react-simple-maps/-/react-simple-maps-2.1.0.tgz",
      "integrity": "sha512-Jw0yZ4WV2zAG8s3tbNK/Q9a/yi+shjKUT+Ia/U3mtQwvgNVq4u91oaCzc6MxoTR7/Od4XmO2WVXvaTfAn41H0Q==",
      "requires": {
        "d3-geo": "^1.11.9",
        "d3-selection": "^1.4.1",
        "d3-zoom": "^1.8.3",
        "topojson-client": "^3.0.0"
      }
    },
    "regexparam": {
      "version": "1.3.0",
      "resolved": "https://registry.npmjs.org/regexparam/-/regexparam-1.3.0.tgz",
      "integrity": "sha512-6IQpFBv6e5vz1QAqI+V4k8P2e/3gRrqfCJ9FI+O1FLQTO+Uz6RXZEZOPmTJ6hlGj7gkERzY5BRCv09whKP96/g=="
    },
    "rollup-plugin-babel": {
      "version": "4.4.0",
      "resolved": "https://registry.npmjs.org/rollup-plugin-babel/-/rollup-plugin-babel-4.4.0.tgz",
      "integrity": "sha512-Lek/TYp1+7g7I+uMfJnnSJ7YWoD58ajo6Oarhlex7lvUce+RCKRuGRSgztDO3/MF/PuGKmUL5iTHKf208UNszw==",
      "requires": {
        "@babel/helper-module-imports": "^7.0.0",
        "rollup-pluginutils": "^2.8.1"
      }
    },
    "rollup-pluginutils": {
      "version": "2.8.2",
      "resolved": "https://registry.npmjs.org/rollup-pluginutils/-/rollup-pluginutils-2.8.2.tgz",
      "integrity": "sha512-EEp9NhnUkwY8aif6bxgovPHMoMoNr2FulJziTndpt5H9RdwC47GSGuII9XxpSdzVGM0GWrNPHV6ie1LTNJPaLQ==",
      "requires": {
        "estree-walker": "^0.6.1"
      }
    },
    "svelte": {
      "version": "3.23.0",
      "resolved": "https://registry.npmjs.org/svelte/-/svelte-3.23.0.tgz",
      "integrity": "sha512-cnyd96bK/Nw5DnYuB1hzm5cl6+I1fpmdKOteA7KLzU9KGLsLmvWsSkSKbcntzODCLmSySN3HjcgTHRo6/rJNTw=="
    },
    "svelte-frappe-charts": {
      "version": "1.2.0",
      "resolved": "https://registry.npmjs.org/svelte-frappe-charts/-/svelte-frappe-charts-1.2.0.tgz",
      "integrity": "sha512-lfnuLMuW2J50ir61gVCfKELl/6Up7at6oUMqS+BaGsw1YAOYhlooxalvY/IbuyS1FFvBNXo1fXKLnUfa/ZlO+A==",
      "requires": {
        "frappe-charts": "^1.4.1",
        "svelte": "^3.22.3"
      }
    },
    "svelte-fusioncharts": {
      "version": "1.0.0",
      "resolved": "https://registry.npmjs.org/svelte-fusioncharts/-/svelte-fusioncharts-1.0.0.tgz",
      "integrity": "sha512-OZk9thwMBHts7TVVIcTT8l9oEgzy6ppXLOtdf7gazobefddW3a0IXqe4mbBDWqLqxXBDyAePmRafZnu8Pc3rng=="
    },
    "svelte-google-maps": {
      "version": "0.2.0",
      "resolved": "https://registry.npmjs.org/svelte-google-maps/-/svelte-google-maps-0.2.0.tgz",
      "integrity": "sha512-g9KQhi28w52bR28NZ6J0QXGmxF6VV0DmT6ZyvWa+YWxaIuhcTB8iGf3GvrwMSE8p5c6CTrilp7CEWrwQl4VZpA=="
    },
    "svelte-spa-router": {
      "version": "2.1.0",
      "resolved": "https://registry.npmjs.org/svelte-spa-router/-/svelte-spa-router-2.1.0.tgz",
      "integrity": "sha512-9bcQPTQ6A+Z92Z+NirVVusa/Sw6nqzKwZAKfu1Cl6+XjStf12hfIcPoMfTutEBoX0Ik+z7gJbJ934PKk94BvCg==",
      "requires": {
        "regexparam": "1.3.0"
      }
    },
    "to-fast-properties": {
      "version": "2.0.0",
      "resolved": "https://registry.npmjs.org/to-fast-properties/-/to-fast-properties-2.0.0.tgz",
      "integrity": "sha1-3F5pjL0HkmW8c+A3doGk5Og/YW4="
    },
    "topojson-client": {
      "version": "3.1.0",
      "resolved": "https://registry.npmjs.org/topojson-client/-/topojson-client-3.1.0.tgz",
      "integrity": "sha512-605uxS6bcYxGXw9qi62XyrV6Q3xwbndjachmNxu8HWTtVPxZfEJN9fd/SZS1Q54Sn2y0TMyMxFj/cJINqGHrKw==",
      "requires": {
        "commander": "2"
      }
    }
  }
}
